
Microsoft Visual Studio Solution File, Format Version 12.00
# Visual Studio Version 16
VisualStudioVersion = 16.0.30002.166
MinimumVisualStudioVersion = 10.0.40219.1
Project("{9A19103F-16F7-4668-BE54-9A1E7A4F7556}") = "Guru", "Guru\Guru.csproj", "{8CA64D67-4CD5-42FB-B88D-F28E66A3A831}"
EndProject
Project("{FAE04EC0-301F-11D3-BF4B-00C04F79EFBC}") = "GuruTest", "GuruTest\GuruTest.csproj", "{3ADDA889-1E2A-4EEA-BD82-6683A6C85EAC}"
EndProject
Global
	GlobalSection(SolutionConfigurationPlatforms) = preSolution
		Debug|Any CPU = Debug|Any CPU
		Release|Any CPU = Release|Any CPU
	EndGlobalSection
	GlobalSection(ProjectConfigurationPlatforms) = postSolution
		{8CA64D67-4CD5-42FB-B88D-F28E66A3A831}.Debug|Any CPU.ActiveCfg = Debug|Any CPU
		{8CA64D67-4CD5-42FB-B88D-F28E66A3A831}.Debug|Any CPU.Build.0 = Debug|Any CPU
		{8CA64D67-4CD5-42FB-B88D-F28E66A3A831}.Release|Any CPU.ActiveCfg = Release|Any CPU
		{8CA64D67-4CD5-42FB-B88D-F28E66A3A831}.Release|Any CPU.Build.0 = Release|Any CPU
		{3ADDA889-1E2A-4EEA-BD82-6683A6C85EAC}.Debug|Any CPU.ActiveCfg = Debug|Any CPU
		{3ADDA889-1E2A-4EEA-BD82-6683A6C85EAC}.Debug|Any CPU.Build.0 = Debug|Any CPU
		{3ADDA889-1E2A-4EEA-BD82-6683A6C85EAC}.Release|Any CPU.ActiveCfg = Release|Any CPU
		{3ADDA889-1E2A-4EEA-BD82-6683A6C85EAC}.Release|Any CPU.Build.0 = Release|Any CPU
	EndGlobalSection
	GlobalSection(SolutionProperties) = preSolution
		HideSolutionNode = FALSE
	EndGlobalSection
	GlobalSection(ExtensibilityGlobals) = postSolution
		SolutionGuid = {E40FE6E5-E773-464F-A98E-AB74246D864E}
	EndGlobalSection
EndGlobal
